
Microsoft Visual Studio Solution File, Format Version 12.00
# Visual Studio Version 16
VisualStudioVersion = 25.0.1706.14
MinimumVisualStudioVersion = 10.0.40219.1
Project("{FAE04EC0-301F-11D3-BF4B-00C04F79EFBC}") = "CarRentalSystem", "CarRentalSystem\CarRentalSystem.csproj", "{11B78634-34DE-48BD-84A4-900639997D0D}"
EndProject
Project("{FAE04EC0-301F-11D3-BF4B-00C04F79EFBC}") = "Test", "Test\Test.csproj", "{FCDB8F68-9BEA-4E88-9846-6830A39906AC}"
EndProject
Global
	GlobalSection(SolutionConfigurationPlatforms) = preSolution
		Debug|Any CPU = Debug|Any CPU
		Release|Any CPU = Release|Any CPU
	EndGlobalSection
	GlobalSection(ProjectConfigurationPlatforms) = postSolution
		{11B78634-34DE-48BD-84A4-900639997D0D}.Debug|Any CPU.ActiveCfg = Debug|Any CPU
		{11B78634-34DE-48BD-84A4-900639997D0D}.Debug|Any CPU.Build.0 = Debug|Any CPU
		{11B78634-34DE-48BD-84A4-900639997D0D}.Release|Any CPU.ActiveCfg = Release|Any CPU
		{11B78634-34DE-48BD-84A4-900639997D0D}.Release|Any CPU.Build.0 = Release|Any CPU
		{FCDB8F68-9BEA-4E88-9846-6830A39906AC}.Debug|Any CPU.ActiveCfg = Debug|Any CPU
		{FCDB8F68-9BEA-4E88-9846-6830A39906AC}.Debug|Any CPU.Build.0 = Debug|Any CPU
		{FCDB8F68-9BEA-4E88-9846-6830A39906AC}.Release|Any CPU.ActiveCfg = Release|Any CPU
		{FCDB8F68-9BEA-4E88-9846-6830A39906AC}.Release|Any CPU.Build.0 = Release|Any CPU
	EndGlobalSection
	GlobalSection(SolutionProperties) = preSolution
		HideSolutionNode = FALSE
	EndGlobalSection
	GlobalSection(ExtensibilityGlobals) = postSolution
		SolutionGuid = {40961336-A675-4DFF-9B17-F7B0BE5A587A}
	EndGlobalSection
EndGlobal
